
Microsoft Visual Studio Solution File, Format Version 12.00
# Visual Studio Version 17
VisualStudioVersion = 17.7.34221.43
MinimumVisualStudioVersion = 10.0.40219.1
Project("{FAE04EC0-301F-11D3-BF4B-00C04F79EFBC}") = "Almoxarifado tdd", "Almoxarifado tdd\Almoxarifado tdd.csproj", "{49CE84EE-786D-4314-A320-B7685366A941}"
EndProject
Global
	GlobalSection(SolutionConfigurationPlatforms) = preSolution
		Debug|Any CPU = Debug|Any CPU
		Release|Any CPU = Release|Any CPU
	EndGlobalSection
	GlobalSection(ProjectConfigurationPlatforms) = postSolution
		{49CE84EE-786D-4314-A320-B7685366A941}.Debug|Any CPU.ActiveCfg = Debug|Any CPU
		{49CE84EE-786D-4314-A320-B7685366A941}.Debug|Any CPU.Build.0 = Debug|Any CPU
		{49CE84EE-786D-4314-A320-B7685366A941}.Release|Any CPU.ActiveCfg = Release|Any CPU
		{49CE84EE-786D-4314-A320-B7685366A941}.Release|Any CPU.Build.0 = Release|Any CPU
	EndGlobalSection
	GlobalSection(SolutionProperties) = preSolution
		HideSolutionNode = FALSE
	EndGlobalSection
	GlobalSection(ExtensibilityGlobals) = postSolution
		SolutionGuid = {6C8F59F2-CCE3-47A5-940A-8D45F6791C21}
	EndGlobalSection
EndGlobal
